
Microsoft Visual Studio Solution File, Format Version 12.00
# Visual Studio Version 17
VisualStudioVersion = 17.9.34714.143
MinimumVisualStudioVersion = 10.0.40219.1
Project("{9A19103F-16F7-4668-BE54-9A1E7A4F7556}") = "WebBanGiay", "WebBanGiay\WebBanGiay.csproj", "{B6A73982-F779-45B8-B020-AA918BBEA9C5}"
EndProject
Global
	GlobalSection(SolutionConfigurationPlatforms) = preSolution
		Debug|Any CPU = Debug|Any CPU
		Release|Any CPU = Release|Any CPU
	EndGlobalSection
	GlobalSection(ProjectConfigurationPlatforms) = postSolution
		{B6A73982-F779-45B8-B020-AA918BBEA9C5}.Debug|Any CPU.ActiveCfg = Debug|Any CPU
		{B6A73982-F779-45B8-B020-AA918BBEA9C5}.Debug|Any CPU.Build.0 = Debug|Any CPU
		{B6A73982-F779-45B8-B020-AA918BBEA9C5}.Release|Any CPU.ActiveCfg = Release|Any CPU
		{B6A73982-F779-45B8-B020-AA918BBEA9C5}.Release|Any CPU.Build.0 = Release|Any CPU
	EndGlobalSection
	GlobalSection(SolutionProperties) = preSolution
		HideSolutionNode = FALSE
	EndGlobalSection
	GlobalSection(ExtensibilityGlobals) = postSolution
		SolutionGuid = {F9589CBC-2D23-44DC-9A93-7F98CD481FA4}
	EndGlobalSection
EndGlobal
